// !$*UTF8*$!
{
	archiveVersion = 1;
	classes = {
	};
	objectVersion = 55;
	objects = {

/* Begin PBXBuildFile section */
		1664564227A822FE009F1C41 /* EventScheduleApp.swift in Sources */ = {isa = PBXBuildFile; fileRef = 1664564127A822FE009F1C41 /* EventScheduleApp.swift */; };
		1664564427A822FE009F1C41 /* ContentView.swift in Sources */ = {isa = PBXBuildFile; fileRef = 1664564327A822FE009F1C41 /* ContentView.swift */; };
		1664564627A82302009F1C41 /* Assets.xcassets in Resources */ = {isa = PBXBuildFile; fileRef = 1664564527A82302009F1C41 /* Assets.xcassets */; };
		1664564927A82302009F1C41 /* Preview Assets.xcassets in Resources */ = {isa = PBXBuildFile; fileRef = 1664564827A82302009F1C41 /* Preview Assets.xcassets */; };
		1664565327A82303009F1C41 /* EventScheduleTests.swift in Sources */ = {isa = PBXBuildFile; fileRef = 1664565227A82303009F1C41 /* EventScheduleTests.swift */; };
		1664565D27A82303009F1C41 /* EventScheduleUITests.swift in Sources */ = {isa = PBXBuildFile; fileRef = 1664565C27A82303009F1C41 /* EventScheduleUITests.swift */; };
		1664565F27A82303009F1C41 /* EventScheduleUITestsLaunchTests.swift in Sources */ = {isa = PBXBuildFile; fileRef = 1664565E27A82303009F1C41 /* EventScheduleUITestsLaunchTests.swift */; };
/* End PBXBuildFile section */

/* Begin PBXContainerItemProxy section */
		1664564F27A82302009F1C41 /* PBXContainerItemProxy */ = {
			isa = PBXContainerItemProxy;
			containerPortal = 1664563627A822FE009F1C41 /* Project object */;
			proxyType = 1;
			remoteGlobalIDString = 1664563D27A822FE009F1C41;
			remoteInfo = EventSchedule;
		};
		1664565927A82303009F1C41 /* PBXContainerItemProxy */ = {
			isa = PBXContainerItemProxy;
			containerPortal = 1664563627A822FE009F1C41 /* Project object */;
			proxyType = 1;
			remoteGlobalIDString = 1664563D27A822FE009F1C41;
			remoteInfo = EventSchedule;
		};
/* End PBXContainerItemProxy section */

/* Begin PBXFileReference section */
		1664563E27A822FE009F1C41 /* EventSchedule.app */ = {isa = PBXFileReference; explicitFileType = wrapper.application; includeInIndex = 0; path = EventSchedule.app; sourceTree = BUILT_PRODUCTS_DIR; };
		1664564127A822FE009F1C41 /* EventScheduleApp.swift */ = {isa = PBXFileReference; lastKnownFileType = sourcecode.swift; path = EventScheduleApp.swift; sourceTree = "<group>"; };
		1664564327A822FE009F1C41 /* ContentView.swift */ = {isa = PBXFileReference; lastKnownFileType = sourcecode.swift; path = ContentView.swift; sourceTree = "<group>"; };
		1664564527A82302009F1C41 /* Assets.xcassets */ = {isa = PBXFileReference; lastKnownFileType = folder.assetcatalog; path = Assets.xcassets; sourceTree = "<group>"; };
		1664564827A82302009F1C41 /* Preview Assets.xcassets */ = {isa = PBXFileReference; lastKnownFileType = folder.assetcatalog; path = "Preview Assets.xcassets"; sourceTree = "<group>"; };
		1664564E27A82302009F1C41 /* EventScheduleTests.xctest */ = {isa = PBXFileReference; explicitFileType = wrapper.cfbundle; includeInIndex = 0; path = EventScheduleTests.xctest; sourceTree = BUILT_PRODUCTS_DIR; };
		1664565227A82303009F1C41 /* EventScheduleTests.swift */ = {isa = PBXFileReference; lastKnownFileType = sourcecode.swift; path = EventScheduleTests.swift; sourceTree = "<group>"; };
		1664565827A82303009F1C41 /* EventScheduleUITests.xctest */ = {isa = PBXFileReference; explicitFileType = wrapper.cfbundle; includeInIndex = 0; path = EventScheduleUITests.xctest; sourceTree = BUILT_PRODUCTS_DIR; };
		1664565C27A82303009F1C41 /* EventScheduleUITests.swift */ = {isa = PBXFileReference; lastKnownFileType = sourcecode.swift; path = EventScheduleUITests.swift; sourceTree = "<group>"; };
		1664565E27A82303009F1C41 /* EventScheduleUITestsLaunchTests.swift */ = {isa = PBXFileReference; lastKnownFileType = sourcecode.swift; path = EventScheduleUITestsLaunchTests.swift; sourceTree = "<group>"; };
/* End PBXFileReference section */

/* Begin PBXFrameworksBuildPhase section */
		1664563B27A822FE009F1C41 /* Frameworks */ = {
			isa = PBXFrameworksBuildPhase;
			buildActionMask = 2147483647;
			files = (
			);
			runOnlyForDeploymentPostprocessing = 0;
		};
		1664564B27A82302009F1C41 /* Frameworks */ = {
			isa = PBXFrameworksBuildPhase;
			buildActionMask = 2147483647;
			files = (
			);
			runOnlyForDeploymentPostprocessing = 0;
		};
		1664565527A82303009F1C41 /* Frameworks */ = {
			isa = PBXFrameworksBuildPhase;
			buildActionMask = 2147483647;
			files = (
			);
			runOnlyForDeploymentPostprocessing = 0;
		};
/* End PBXFrameworksBuildPhase section */

/* Begin PBXGroup section */
		1664563527A822FE009F1C41 = {
			isa = PBXGroup;
			children = (
				1664564027A822FE009F1C41 /* EventSchedule */,
				1664565127A82303009F1C41 /* EventScheduleTests */,
				1664565B27A82303009F1C41 /* EventScheduleUITests */,
				1664563F27A822FE009F1C41 /* Products */,
			);
			sourceTree = "<group>";
		};
		1664563F27A822FE009F1C41 /* Products */ = {
			isa = PBXGroup;
			children = (
				1664563E27A822FE009F1C41 /* EventSchedule.app */,
				1664564E27A82302009F1C41 /* EventScheduleTests.xctest */,
				1664565827A82303009F1C41 /* EventScheduleUITests.xctest */,
			);
			name = Products;
			sourceTree = "<group>";
		};
		1664564027A822FE009F1C41 /* EventSchedule */ = {
			isa = PBXGroup;
			children = (
				1664564127A822FE009F1C41 /* EventScheduleApp.swift */,
				1664564327A822FE009F1C41 /* ContentView.swift */,
				1664564527A82302009F1C41 /* Assets.xcassets */,
				1664564727A82302009F1C41 /* Preview Content */,
			);
			path = EventSchedule;
			sourceTree = "<group>";
		};
		1664564727A82302009F1C41 /* Preview Content */ = {
			isa = PBXGroup;
			children = (
				1664564827A82302009F1C41 /* Preview Assets.xcassets */,
			);
			path = "Preview Content";
			sourceTree = "<group>";
		};
		1664565127A82303009F1C41 /* EventScheduleTests */ = {
			isa = PBXGroup;
			children = (
				1664565227A82303009F1C41 /* EventScheduleTests.swift */,
			);
			path = EventScheduleTests;
			sourceTree = "<group>";
		};
		1664565B27A82303009F1C41 /* EventScheduleUITests */ = {
			isa = PBXGroup;
			children = (
				1664565C27A82303009F1C41 /* EventScheduleUITests.swift */,
				1664565E27A82303009F1C41 /* EventScheduleUITestsLaunchTests.swift */,
			);
			path = EventScheduleUITests;
			sourceTree = "<group>";
		};
/* End PBXGroup section */

/* Begin PBXNativeTarget section */
		1664563D27A822FE009F1C41 /* EventSchedule */ = {
			isa = PBXNativeTarget;
			buildConfigurationList = 1664566227A82303009F1C41 /* Build configuration list for PBXNativeTarget "EventSchedule" */;
			buildPhases = (
				1664563A27A822FE009F1C41 /* Sources */,
				1664563B27A822FE009F1C41 /* Frameworks */,
				1664563C27A822FE009F1C41 /* Resources */,
			);
			buildRules = (
			);
			dependencies = (
			);
			name = EventSchedule;
			productName = EventSchedule;
			productReference = 1664563E27A822FE009F1C41 /* EventSchedule.app */;
			productType = "com.apple.product-type.application";
		};
		1664564D27A82302009F1C41 /* EventScheduleTests */ = {
			isa = PBXNativeTarget;
			buildConfigurationList = 1664566527A82303009F1C41 /* Build configuration list for PBXNativeTarget "EventScheduleTests" */;
			buildPhases = (
				1664564A27A82302009F1C41 /* Sources */,
				1664564B27A82302009F1C41 /* Frameworks */,
				1664564C27A82302009F1C41 /* Resources */,
			);
			buildRules = (
			);
			dependencies = (
				1664565027A82302009F1C41 /* PBXTargetDependency */,
			);
			name = EventScheduleTests;
			productName = EventScheduleTests;
			productReference = 1664564E27A82302009F1C41 /* EventScheduleTests.xctest */;
			productType = "com.apple.product-type.bundle.unit-test";
		};
		1664565727A82303009F1C41 /* EventScheduleUITests */ = {
			isa = PBXNativeTarget;
			buildConfigurationList = 1664566827A82303009F1C41 /* Build configuration list for PBXNativeTarget "EventScheduleUITests" */;
			buildPhases = (
				1664565427A82303009F1C41 /* Sources */,
				1664565527A82303009F1C41 /* Frameworks */,
				1664565627A82303009F1C41 /* Resources */,
			);
			buildRules = (
			);
			dependencies = (
				1664565A27A82303009F1C41 /* PBXTargetDependency */,
			);
			name = EventScheduleUITests;
			productName = EventScheduleUITests;
			productReference = 1664565827A82303009F1C41 /* EventScheduleUITests.xctest */;
			productType = "com.apple.product-type.bundle.ui-testing";
		};
/* End PBXNativeTarget section */

/* Begin PBXProject section */
		1664563627A822FE009F1C41 /* Project object */ = {
			isa = PBXProject;
			attributes = {
				BuildIndependentTargetsInParallel = 1;
				LastSwiftUpdateCheck = 1310;
				LastUpgradeCheck = 1310;
				TargetAttributes = {
					1664563D27A822FE009F1C41 = {
						CreatedOnToolsVersion = 13.1;
					};
					1664564D27A82302009F1C41 = {
						CreatedOnToolsVersion = 13.1;
						TestTargetID = 1664563D27A822FE009F1C41;
					};
					1664565727A82303009F1C41 = {
						CreatedOnToolsVersion = 13.1;
						TestTargetID = 1664563D27A822FE009F1C41;
					};
				};
			};
			buildConfigurationList = 1664563927A822FE009F1C41 /* Build configuration list for PBXProject "EventSchedule" */;
			compatibilityVersion = "Xcode 13.0";
			developmentRegion = en;
			hasScannedForEncodings = 0;
			knownRegions = (
				en,
				Base,
			);
			mainGroup = 1664563527A822FE009F1C41;
			productRefGroup = 1664563F27A822FE009F1C41 /* Products */;
			projectDirPath = "";
			projectRoot = "";
			targets = (
				1664563D27A822FE009F1C41 /* EventSchedule */,
				1664564D27A82302009F1C41 /* EventScheduleTests */,
				1664565727A82303009F1C41 /* EventScheduleUITests */,
			);
		};
/* End PBXProject section */

/* Begin PBXResourcesBuildPhase section */
		1664563C27A822FE009F1C41 /* Resources */ = {
			isa = PBXResourcesBuildPhase;
			buildActionMask = 2147483647;
			files = (
				1664564927A82302009F1C41 /* Preview Assets.xcassets in Resources */,
				1664564627A82302009F1C41 /* Assets.xcassets in Resources */,
			);
			runOnlyForDeploymentPostprocessing = 0;
		};
		1664564C27A82302009F1C41 /* Resources */ = {
			isa = PBXResourcesBuildPhase;
			buildActionMask = 2147483647;
			files = (
			);
			runOnlyForDeploymentPostprocessing = 0;
		};
		1664565627A82303009F1C41 /* Resources */ = {
			isa = PBXResourcesBuildPhase;
			buildActionMask = 2147483647;
			files = (
			);
			runOnlyForDeploymentPostprocessing = 0;
		};
/* End PBXResourcesBuildPhase section */

/* Begin PBXSourcesBuildPhase section */
		1664563A27A822FE009F1C41 /* Sources */ = {
			isa = PBXSourcesBuildPhase;
			buildActionMask = 2147483647;
			files = (
				1664564427A822FE009F1C41 /* ContentView.swift in Sources */,
				1664564227A822FE009F1C41 /* EventScheduleApp.swift in Sources */,
			);
			runOnlyForDeploymentPostprocessing = 0;
		};
		1664564A27A82302009F1C41 /* Sources */ = {
			isa = PBXSourcesBuildPhase;
			buildActionMask = 2147483647;
			files = (
				1664565327A82303009F1C41 /* EventScheduleTests.swift in Sources */,
			);
			runOnlyForDeploymentPostprocessing = 0;
		};
		1664565427A82303009F1C41 /* Sources */ = {
			isa = PBXSourcesBuildPhase;
			buildActionMask = 2147483647;
			files = (
				1664565F27A82303009F1C41 /* EventScheduleUITestsLaunchTests.swift in Sources */,
				1664565D27A82303009F1C41 /* EventScheduleUITests.swift in Sources */,
			);
			runOnlyForDeploymentPostprocessing = 0;
		};
/* End PBXSourcesBuildPhase section */

/* Begin PBXTargetDependency section */
		1664565027A82302009F1C41 /* PBXTargetDependency */ = {
			isa = PBXTargetDependency;
			target = 1664563D27A822FE009F1C41 /* EventSchedule */;
			targetProxy = 1664564F27A82302009F1C41 /* PBXContainerItemProxy */;
		};
		1664565A27A82303009F1C41 /* PBXTargetDependency */ = {
			isa = PBXTargetDependency;
			target = 1664563D27A822FE009F1C41 /* EventSchedule */;
			targetProxy = 1664565927A82303009F1C41 /* PBXContainerItemProxy */;
		};
/* End PBXTargetDependency section */

/* Begin XCBuildConfiguration section */
		1664566027A82303009F1C41 /* Debug */ = {
			isa = XCBuildConfiguration;
			buildSettings = {
				ALWAYS_SEARCH_USER_PATHS = NO;
				CLANG_ANALYZER_NONNULL = YES;
				CLANG_ANALYZER_NUMBER_OBJECT_CONVERSION = YES_AGGRESSIVE;
				CLANG_CXX_LANGUAGE_STANDARD = "gnu++17";
				CLANG_CXX_LIBRARY = "libc++";
				CLANG_ENABLE_MODULES = YES;
				CLANG_ENABLE_OBJC_ARC = YES;
				CLANG_ENABLE_OBJC_WEAK = YES;
				CLANG_WARN_BLOCK_CAPTURE_AUTORELEASING = YES;
				CLANG_WARN_BOOL_CONVERSION = YES;
				CLANG_WARN_COMMA = YES;
				CLANG_WARN_CONSTANT_CONVERSION = YES;
				CLANG_WARN_DEPRECATED_OBJC_IMPLEMENTATIONS = YES;
				CLANG_WARN_DIRECT_OBJC_ISA_USAGE = YES_ERROR;
				CLANG_WARN_DOCUMENTATION_COMMENTS = YES;
				CLANG_WARN_EMPTY_BODY = YES;
				CLANG_WARN_ENUM_CONVERSION = YES;
				CLANG_WARN_INFINITE_RECURSION = YES;
				CLANG_WARN_INT_CONVERSION = YES;
				CLANG_WARN_NON_LITERAL_NULL_CONVERSION = YES;
				CLANG_WARN_OBJC_IMPLICIT_RETAIN_SELF = YES;
				CLANG_WARN_OBJC_LITERAL_CONVERSION = YES;
				CLANG_WARN_OBJC_ROOT_CLASS = YES_ERROR;
				CLANG_WARN_QUOTED_INCLUDE_IN_FRAMEWORK_HEADER = YES;
				CLANG_WARN_RANGE_LOOP_ANALYSIS = YES;
				CLANG_WARN_STRICT_PROTOTYPES = YES;
				CLANG_WARN_SUSPICIOUS_MOVE = YES;
				CLANG_WARN_UNGUARDED_AVAILABILITY = YES_AGGRESSIVE;
				CLANG_WARN_UNREACHABLE_CODE = YES;
				CLANG_WARN__DUPLICATE_METHOD_MATCH = YES;
				COPY_PHASE_STRIP = NO;
				DEBUG_INFORMATION_FORMAT = dwarf;
				ENABLE_STRICT_OBJC_MSGSEND = YES;
				ENABLE_TESTABILITY = YES;
				GCC_C_LANGUAGE_STANDARD = gnu11;
				GCC_DYNAMIC_NO_PIC = NO;
				GCC_NO_COMMON_BLOCKS = YES;
				GCC_OPTIMIZATION_LEVEL = 0;
				GCC_PREPROCESSOR_DEFINITIONS = (
					"DEBUG=1",
					"$(inherited)",
				);
				GCC_WARN_64_TO_32_BIT_CONVERSION = YES;
				GCC_WARN_ABOUT_RETURN_TYPE = YES_ERROR;
				GCC_WARN_UNDECLARED_SELECTOR = YES;
				GCC_WARN_UNINITIALIZED_AUTOS = YES_AGGRESSIVE;
				GCC_WARN_UNUSED_FUNCTION = YES;
				GCC_WARN_UNUSED_VARIABLE = YES;
				IPHONEOS_DEPLOYMENT_TARGET = 15.0;
				MTL_ENABLE_DEBUG_INFO = INCLUDE_SOURCE;
				MTL_FAST_MATH = YES;
				ONLY_ACTIVE_ARCH = YES;
				SDKROOT = iphoneos;
				SWIFT_ACTIVE_COMPILATION_CONDITIONS = DEBUG;
				SWIFT_OPTIMIZATION_LEVEL = "-Onone";
			};
			name = Debug;
		};
		1664566127A82303009F1C41 /* Release */ = {
			isa = XCBuildConfiguration;
			buildSettings = {
				ALWAYS_SEARCH_USER_PATHS = NO;
				CLANG_ANALYZER_NONNULL = YES;
				CLANG_ANALYZER_NUMBER_OBJECT_CONVERSION = YES_AGGRESSIVE;
				CLANG_CXX_LANGUAGE_STANDARD = "gnu++17";
				CLANG_CXX_LIBRARY = "libc++";
				CLANG_ENABLE_MODULES = YES;
				CLANG_ENABLE_OBJC_ARC = YES;
				CLANG_ENABLE_OBJC_WEAK = YES;
				CLANG_WARN_BLOCK_CAPTURE_AUTORELEASING = YES;
				CLANG_WARN_BOOL_CONVERSION = YES;
				CLANG_WARN_COMMA = YES;
				CLANG_WARN_CONSTANT_CONVERSION = YES;
				CLANG_WARN_DEPRECATED_OBJC_IMPLEMENTATIONS = YES;
				CLANG_WARN_DIRECT_OBJC_ISA_USAGE = YES_ERROR;
				CLANG_WARN_DOCUMENTATION_COMMENTS = YES;
				CLANG_WARN_EMPTY_BODY = YES;
				CLANG_WARN_ENUM_CONVERSION = YES;
				CLANG_WARN_INFINITE_RECURSION = YES;
				CLANG_WARN_INT_CONVERSION = YES;
				CLANG_WARN_NON_LITERAL_NULL_CONVERSION = YES;
				CLANG_WARN_OBJC_IMPLICIT_RETAIN_SELF = YES;
				CLANG_WARN_OBJC_LITERAL_CONVERSION = YES;
				CLANG_WARN_OBJC_ROOT_CLASS = YES_ERROR;
				CLANG_WARN_QUOTED_INCLUDE_IN_FRAMEWORK_HEADER = YES;
				CLANG_WARN_RANGE_LOOP_ANALYSIS = YES;
				CLANG_WARN_STRICT_PROTOTYPES = YES;
				CLANG_WARN_SUSPICIOUS_MOVE = YES;
				CLANG_WARN_UNGUARDED_AVAILABILITY = YES_AGGRESSIVE;
				CLANG_WARN_UNREACHABLE_CODE = YES;
				CLANG_WARN__DUPLICATE_METHOD_MATCH = YES;
				COPY_PHASE_STRIP = NO;
				DEBUG_INFORMATION_FORMAT = "dwarf-with-dsym";
				ENABLE_NS_ASSERTIONS = NO;
				ENABLE_STRICT_OBJC_MSGSEND = YES;
				GCC_C_LANGUAGE_STANDARD = gnu11;
				GCC_NO_COMMON_BLOCKS = YES;
				GCC_WARN_64_TO_32_BIT_CONVERSION = YES;
				GCC_WARN_ABOUT_RETURN_TYPE = YES_ERROR;
				GCC_WARN_UNDECLARED_SELECTOR = YES;
				GCC_WARN_UNINITIALIZED_AUTOS = YES_AGGRESSIVE;
				GCC_WARN_UNUSED_FUNCTION = YES;
				GCC_WARN_UNUSED_VARIABLE = YES;
				IPHONEOS_DEPLOYMENT_TARGET = 15.0;
				MTL_ENABLE_DEBUG_INFO = NO;
				MTL_FAST_MATH = YES;
				SDKROOT = iphoneos;
				SWIFT_COMPILATION_MODE = wholemodule;
				SWIFT_OPTIMIZATION_LEVEL = "-O";
				VALIDATE_PRODUCT = YES;
			};
			name = Release;
		};
		1664566327A82303009F1C41 /* Debug */ = {
			isa = XCBuildConfiguration;
			buildSettings = {
				ASSETCATALOG_COMPILER_APPICON_NAME = AppIcon;
				ASSETCATALOG_COMPILER_GLOBAL_ACCENT_COLOR_NAME = AccentColor;
				CODE_SIGN_STYLE = Automatic;
				CURRENT_PROJECT_VERSION = 1;
				DEVELOPMENT_ASSET_PATHS = "\"EventSchedule/Preview Content\"";
				ENABLE_PREVIEWS = YES;
				GENERATE_INFOPLIST_FILE = YES;
				INFOPLIST_KEY_UIApplicationSceneManifest_Generation = YES;
				INFOPLIST_KEY_UIApplicationSupportsIndirectInputEvents = YES;
				INFOPLIST_KEY_UILaunchScreen_Generation = YES;
				INFOPLIST_KEY_UISupportedInterfaceOrientations_iPad = "UIInterfaceOrientationPortrait UIInterfaceOrientationPortraitUpsideDown UIInterfaceOrientationLandscapeLeft UIInterfaceOrientationLandscapeRight";
				INFOPLIST_KEY_UISupportedInterfaceOrientations_iPhone = "UIInterfaceOrientationPortrait UIInterfaceOrientationLandscapeLeft UIInterfaceOrientationLandscapeRight";
				LD_RUNPATH_SEARCH_PATHS = (
					"$(inherited)",
					"@executable_path/Frameworks",
				);
				MARKETING_VERSION = 1.0;
				PRODUCT_BUNDLE_IDENTIFIER = EFREI.PROJECT.OUVMOBILE.EventSchedule;
				PRODUCT_NAME = "$(TARGET_NAME)";
				SWIFT_EMIT_LOC_STRINGS = YES;
				SWIFT_VERSION = 5.0;
				TARGETED_DEVICE_FAMILY = "1,2";
			};
			name = Debug;
		};
		1664566427A82303009F1C41 /* Release */ = {
			isa = XCBuildConfiguration;
			buildSettings = {
				ASSETCATALOG_COMPILER_APPICON_NAME = AppIcon;
				ASSETCATALOG_COMPILER_GLOBAL_ACCENT_COLOR_NAME = AccentColor;
				CODE_SIGN_STYLE = Automatic;
				CURRENT_PROJECT_VERSION = 1;
				DEVELOPMENT_ASSET_PATHS = "\"EventSchedule/Preview Content\"";
				ENABLE_PREVIEWS = YES;
				GENERATE_INFOPLIST_FILE = YES;
				INFOPLIST_KEY_UIApplicationSceneManifest_Generation = YES;
				INFOPLIST_KEY_UIApplicationSupportsIndirectInputEvents = YES;
				INFOPLIST_KEY_UILaunchScreen_Generation = YES;
				INFOPLIST_KEY_UISupportedInterfaceOrientations_iPad = "UIInterfaceOrientationPortrait UIInterfaceOrientationPortraitUpsideDown UIInterfaceOrientationLandscapeLeft UIInterfaceOrientationLandscapeRight";
				INFOPLIST_KEY_UISupportedInterfaceOrientations_iPhone = "UIInterfaceOrientationPortrait UIInterfaceOrientationLandscapeLeft UIInterfaceOrientationLandscapeRight";
				LD_RUNPATH_SEARCH_PATHS = (
					"$(inherited)",
					"@executable_path/Frameworks",
				);
				MARKETING_VERSION = 1.0;
				PRODUCT_BUNDLE_IDENTIFIER = EFREI.PROJECT.OUVMOBILE.EventSchedule;
				PRODUCT_NAME = "$(TARGET_NAME)";
				SWIFT_EMIT_LOC_STRINGS = YES;
				SWIFT_VERSION = 5.0;
				TARGETED_DEVICE_FAMILY = "1,2";
			};
			name = Release;
		};
		1664566627A82303009F1C41 /* Debug */ = {
			isa = XCBuildConfiguration;
			buildSettings = {
				ALWAYS_EMBED_SWIFT_STANDARD_LIBRARIES = YES;
				BUNDLE_LOADER = "$(TEST_HOST)";
				CODE_SIGN_STYLE = Automatic;
				CURRENT_PROJECT_VERSION = 1;
				GENERATE_INFOPLIST_FILE = YES;
				IPHONEOS_DEPLOYMENT_TARGET = 15.0;
				LD_RUNPATH_SEARCH_PATHS = (
					"$(inherited)",
					"@executable_path/Frameworks",
					"@loader_path/Frameworks",
				);
				MARKETING_VERSION = 1.0;
				PRODUCT_BUNDLE_IDENTIFIER = EFREI.PROJECT.OUVMOBILE.EventScheduleTests;
				PRODUCT_NAME = "$(TARGET_NAME)";
				SWIFT_EMIT_LOC_STRINGS = NO;
				SWIFT_VERSION = 5.0;
				TARGETED_DEVICE_FAMILY = "1,2";
				TEST_HOST = "$(BUILT_PRODUCTS_DIR)/EventSchedule.app/EventSchedule";
			};
			name = Debug;
		};
		1664566727A82303009F1C41 /* Release */ = {
			isa = XCBuildConfiguration;
			buildSettings = {
				ALWAYS_EMBED_SWIFT_STANDARD_LIBRARIES = YES;
				BUNDLE_LOADER = "$(TEST_HOST)";
				CODE_SIGN_STYLE = Automatic;
				CURRENT_PROJECT_VERSION = 1;
				GENERATE_INFOPLIST_FILE = YES;
				IPHONEOS_DEPLOYMENT_TARGET = 15.0;
				LD_RUNPATH_SEARCH_PATHS = (
					"$(inherited)",
					"@executable_path/Frameworks",
					"@loader_path/Frameworks",
				);
				MARKETING_VERSION = 1.0;
				PRODUCT_BUNDLE_IDENTIFIER = EFREI.PROJECT.OUVMOBILE.EventScheduleTests;
				PRODUCT_NAME = "$(TARGET_NAME)";
				SWIFT_EMIT_LOC_STRINGS = NO;
				SWIFT_VERSION = 5.0;
				TARGETED_DEVICE_FAMILY = "1,2";
				TEST_HOST = "$(BUILT_PRODUCTS_DIR)/EventSchedule.app/EventSchedule";
			};
			name = Release;
		};
		1664566927A82303009F1C41 /* Debug */ = {
			isa = XCBuildConfiguration;
			buildSettings = {
				ALWAYS_EMBED_SWIFT_STANDARD_LIBRARIES = YES;
				CODE_SIGN_STYLE = Automatic;
				CURRENT_PROJECT_VERSION = 1;
				GENERATE_INFOPLIST_FILE = YES;
				LD_RUNPATH_SEARCH_PATHS = (
					"$(inherited)",
					"@executable_path/Frameworks",
					"@loader_path/Frameworks",
				);
				MARKETING_VERSION = 1.0;
				PRODUCT_BUNDLE_IDENTIFIER = EFREI.PROJECT.OUVMOBILE.EventScheduleUITests;
				PRODUCT_NAME = "$(TARGET_NAME)";
				SWIFT_EMIT_LOC_STRINGS = NO;
				SWIFT_VERSION = 5.0;
				TARGETED_DEVICE_FAMILY = "1,2";
				TEST_TARGET_NAME = EventSchedule;
			};
			name = Debug;
		};
		1664566A27A82303009F1C41 /* Release */ = {
			isa = XCBuildConfiguration;
			buildSettings = {
				ALWAYS_EMBED_SWIFT_STANDARD_LIBRARIES = YES;
				CODE_SIGN_STYLE = Automatic;
				CURRENT_PROJECT_VERSION = 1;
				GENERATE_INFOPLIST_FILE = YES;
				LD_RUNPATH_SEARCH_PATHS = (
					"$(inherited)",
					"@executable_path/Frameworks",
					"@loader_path/Frameworks",
				);
				MARKETING_VERSION = 1.0;
				PRODUCT_BUNDLE_IDENTIFIER = EFREI.PROJECT.OUVMOBILE.EventScheduleUITests;
				PRODUCT_NAME = "$(TARGET_NAME)";
				SWIFT_EMIT_LOC_STRINGS = NO;
				SWIFT_VERSION = 5.0;
				TARGETED_DEVICE_FAMILY = "1,2";
				TEST_TARGET_NAME = EventSchedule;
			};
			name = Release;
		};
/* End XCBuildConfiguration section */

/* Begin XCConfigurationList section */
		1664563927A822FE009F1C41 /* Build configuration list for PBXProject "EventSchedule" */ = {
			isa = XCConfigurationList;
			buildConfigurations = (
				1664566027A82303009F1C41 /* Debug */,
				1664566127A82303009F1C41 /* Release */,
			);
			defaultConfigurationIsVisible = 0;
			defaultConfigurationName = Release;
		};
		1664566227A82303009F1C41 /* Build configuration list for PBXNativeTarget "EventSchedule" */ = {
			isa = XCConfigurationList;
			buildConfigurations = (
				1664566327A82303009F1C41 /* Debug */,
				1664566427A82303009F1C41 /* Release */,
			);
			defaultConfigurationIsVisible = 0;
			defaultConfigurationName = Release;
		};
		1664566527A82303009F1C41 /* Build configuration list for PBXNativeTarget "EventScheduleTests" */ = {
			isa = XCConfigurationList;
			buildConfigurations = (
				1664566627A82303009F1C41 /* Debug */,
				1664566727A82303009F1C41 /* Release */,
			);
			defaultConfigurationIsVisible = 0;
			defaultConfigurationName = Release;
		};
		1664566827A82303009F1C41 /* Build configuration list for PBXNativeTarget "EventScheduleUITests" */ = {
			isa = XCConfigurationList;
			buildConfigurations = (
				1664566927A82303009F1C41 /* Debug */,
				1664566A27A82303009F1C41 /* Release */,
			);
			defaultConfigurationIsVisible = 0;
			defaultConfigurationName = Release;
		};
/* End XCConfigurationList section */
	};
	rootObject = 1664563627A822FE009F1C41 /* Project object */;
}
